
Microsoft Visual Studio Solution File, Format Version 12.00
# Visual Studio Version 16
VisualStudioVersion = 16.0.30128.74
MinimumVisualStudioVersion = 10.0.40219.1
Project("{FAE04EC0-301F-11D3-BF4B-00C04F79EFBC}") = "Lap1", "Lap1\Lap1.csproj", "{333E06C8-B880-4831-8B18-511A41BF5E75}"
EndProject
Project("{FAE04EC0-301F-11D3-BF4B-00C04F79EFBC}") = "Lap2", "Lap2\Lap2.csproj", "{74BBC71B-096E-4FEA-9920-9E4D63E744E9}"
EndProject
Project("{FAE04EC0-301F-11D3-BF4B-00C04F79EFBC}") = "Lap3", "Lap3\Lap3.csproj", "{F5B0FD80-BFD3-4A7D-9804-F0E640DA11FC}"
EndProject
Global
	GlobalSection(SolutionConfigurationPlatforms) = preSolution
		Debug|Any CPU = Debug|Any CPU
		Release|Any CPU = Release|Any CPU
	EndGlobalSection
	GlobalSection(ProjectConfigurationPlatforms) = postSolution
		{333E06C8-B880-4831-8B18-511A41BF5E75}.Debug|Any CPU.ActiveCfg = Debug|Any CPU
		{333E06C8-B880-4831-8B18-511A41BF5E75}.Debug|Any CPU.Build.0 = Debug|Any CPU
		{333E06C8-B880-4831-8B18-511A41BF5E75}.Release|Any CPU.ActiveCfg = Release|Any CPU
		{333E06C8-B880-4831-8B18-511A41BF5E75}.Release|Any CPU.Build.0 = Release|Any CPU
		{74BBC71B-096E-4FEA-9920-9E4D63E744E9}.Debug|Any CPU.ActiveCfg = Debug|Any CPU
		{74BBC71B-096E-4FEA-9920-9E4D63E744E9}.Debug|Any CPU.Build.0 = Debug|Any CPU
		{74BBC71B-096E-4FEA-9920-9E4D63E744E9}.Release|Any CPU.ActiveCfg = Release|Any CPU
		{74BBC71B-096E-4FEA-9920-9E4D63E744E9}.Release|Any CPU.Build.0 = Release|Any CPU
		{F5B0FD80-BFD3-4A7D-9804-F0E640DA11FC}.Debug|Any CPU.ActiveCfg = Debug|Any CPU
		{F5B0FD80-BFD3-4A7D-9804-F0E640DA11FC}.Debug|Any CPU.Build.0 = Debug|Any CPU
		{F5B0FD80-BFD3-4A7D-9804-F0E640DA11FC}.Release|Any CPU.ActiveCfg = Release|Any CPU
		{F5B0FD80-BFD3-4A7D-9804-F0E640DA11FC}.Release|Any CPU.Build.0 = Release|Any CPU
	EndGlobalSection
	GlobalSection(SolutionProperties) = preSolution
		HideSolutionNode = FALSE
	EndGlobalSection
	GlobalSection(ExtensibilityGlobals) = postSolution
		SolutionGuid = {8BC8BD95-5332-44DC-B9BA-359AFB6709A5}
	EndGlobalSection
EndGlobal
